speakeasyVersion: 1.462.2
sources:
    Polar-OAS:
        sourceNamespace: polar-oas
        sourceRevisionDigest: sha256:fecb7f7938f9cf5c7ae59c8c7d76ee6a7358b33084100f3d41ae753d07c04947
        sourceBlobDigest: sha256:398c9f59267a22778a0c1d81a0af8aba96905725604b19b09ed181396b0b56d3
        tags:
            - latest
            - speakeasy-sdk-regen-1735950230
            - 0.1.0
targets:
    polar:
        source: Polar-OAS
        sourceNamespace: polar-oas
        sourceRevisionDigest: sha256:fecb7f7938f9cf5c7ae59c8c7d76ee6a7358b33084100f3d41ae753d07c04947
        sourceBlobDigest: sha256:398c9f59267a22778a0c1d81a0af8aba96905725604b19b09ed181396b0b56d3
        codeSamplesNamespace: polar-oas-code-samples-go
        codeSamplesRevisionDigest: sha256:cb65c6848c857d30737c3d8a236c0327ff3dc4f6673bdfc1b13b53145180a979
workflow:
    workflowVersion: 1.0.0
    speakeasyVersion: latest
    sources:
        Polar-OAS:
            inputs:
                - location: https://api.polar.sh/openapi.json
            overlays:
                - location: https://raw.githubusercontent.com/polarsource/polar/main/sdk/overlays/security.yml
                - location: https://raw.githubusercontent.com/polarsource/polar/main/sdk/overlays/type_parameter.yml
                - location: https://raw.githubusercontent.com/polarsource/polar/main/sdk/overlays/product_price_discriminator.yml
                - location: https://raw.githubusercontent.com/polarsource/polar/main/sdk/overlays/read_only.yml
            registry:
                location: registry.speakeasyapi.dev/polar/polar/polar-oas
    targets:
        polar:
            target: go
            source: Polar-OAS
            codeSamples:
                output: codeSamples.yaml
                registry:
                    location: registry.speakeasyapi.dev/polar/polar/polar-oas-code-samples-go
                labelOverride:
                    fixedValue: Go (SDK)
