speakeasyVersion: 1.567.1
sources:
    Polar-OAS:
        sourceNamespace: polar-oas
        sourceRevisionDigest: sha256:e2baa3812096dfbd726e06b63462f412f42ee6f97b9e8d53d22e0d06e8f58062
        sourceBlobDigest: sha256:d8b25963e07c3aed89cf253001044af257ac0ebeaffd44140c1b68ce369d9dd9
        tags:
            - latest
            - speakeasy-sdk-regen-1750333054
            - 0.1.0
targets:
    polar:
        source: Polar-OAS
        sourceNamespace: polar-oas
        sourceRevisionDigest: sha256:e2baa3812096dfbd726e06b63462f412f42ee6f97b9e8d53d22e0d06e8f58062
        sourceBlobDigest: sha256:d8b25963e07c3aed89cf253001044af257ac0ebeaffd44140c1b68ce369d9dd9
        codeSamplesNamespace: polar-oas-code-samples-go
        codeSamplesRevisionDigest: sha256:2e36ed2bcb0b86f534207633a2a2010e1d1f2606d4e862c4065934c1d75756fe
workflow:
    workflowVersion: 1.0.0
    speakeasyVersion: latest
    sources:
        Polar-OAS:
            inputs:
                - location: https://api.polar.sh/openapi.json
            overlays:
                - location: https://raw.githubusercontent.com/polarsource/polar/main/sdk/overlays/security.yml
                - location: https://raw.githubusercontent.com/polarsource/polar/main/sdk/overlays/type_parameter.yml
                - location: https://raw.githubusercontent.com/polarsource/polar/main/sdk/overlays/read_only.yml
                - location: https://raw.githubusercontent.com/polarsource/polar/main/sdk/overlays/event_discriminator.yml
            registry:
                location: registry.speakeasyapi.dev/polar/polar/polar-oas
    targets:
        polar:
            target: go
            source: Polar-OAS
            codeSamples:
                output: codeSamples.yaml
                registry:
                    location: registry.speakeasyapi.dev/polar/polar/polar-oas-code-samples-go
                labelOverride:
                    fixedValue: Go (SDK)
