speakeasyVersion: 1.563.4
sources:
    Polar-OAS:
        sourceNamespace: polar-oas
        sourceRevisionDigest: sha256:031c15763b475f2ecd09c113abeaf89a49efb27e33dacd759a301e86c4ce1cc1
        sourceBlobDigest: sha256:8706f707ed596def782532dc22b52a121947307bee250444df1ffd2a77cbedb4
        tags:
            - latest
            - speakeasy-sdk-regen-1749774521
            - 0.1.0
targets:
    polar:
        source: Polar-OAS
        sourceNamespace: polar-oas
        sourceRevisionDigest: sha256:031c15763b475f2ecd09c113abeaf89a49efb27e33dacd759a301e86c4ce1cc1
        sourceBlobDigest: sha256:8706f707ed596def782532dc22b52a121947307bee250444df1ffd2a77cbedb4
        codeSamplesNamespace: polar-oas-code-samples-go
        codeSamplesRevisionDigest: sha256:b965504cf76a9d7c27712a665883e65aa6f7c3112f8aa226382ec7aae7cb1426
workflow:
    workflowVersion: 1.0.0
    speakeasyVersion: latest
    sources:
        Polar-OAS:
            inputs:
                - location: https://api.polar.sh/openapi.json
            overlays:
                - location: https://raw.githubusercontent.com/polarsource/polar/main/sdk/overlays/security.yml
                - location: https://raw.githubusercontent.com/polarsource/polar/main/sdk/overlays/type_parameter.yml
                - location: https://raw.githubusercontent.com/polarsource/polar/main/sdk/overlays/read_only.yml
                - location: https://raw.githubusercontent.com/polarsource/polar/main/sdk/overlays/event_discriminator.yml
            registry:
                location: registry.speakeasyapi.dev/polar/polar/polar-oas
    targets:
        polar:
            target: go
            source: Polar-OAS
            codeSamples:
                output: codeSamples.yaml
                registry:
                    location: registry.speakeasyapi.dev/polar/polar/polar-oas-code-samples-go
                labelOverride:
                    fixedValue: Go (SDK)
